{
  "name": "studyalone",
  "version": "1.0.0",
  "lockfileVersion": 1,
  "requires": true,
  "dependencies": {
    "acorn": {
      "version": "8.7.0",
      "resolved": "https://registry.npmjs.org/acorn/-/acorn-8.7.0.tgz",
      "integrity": "sha512-V/LGr1APy+PXIwKebEWrkZPwoeoF+w1jiOBUmuxuiUIaOHtob8Qc9BTrYo7VuI5fR8tqsy+buA2WFooR5olqvQ==",
      "dev": true
    },
    "acorn-jsx": {
      "version": "5.3.2",
      "resolved": "https://registry.npmjs.org/acorn-jsx/-/acorn-jsx-5.3.2.tgz",
      "integrity": "sha512-rq9s+JNhf0IChjtDXxllJ7g41oZk5SlXtp0LHwyA5cejwn7vKmKp4pPri6YEePv2PU65sAsegbXtIinmDFDXgQ==",
      "dev": true
    },
    "debug": {
      "version": "4.3.3",
      "resolved": "https://registry.npmjs.org/debug/-/debug-4.3.3.tgz",
      "integrity": "sha512-/zxw5+vh1Tfv+4Qn7a5nsbcJKPaSvCDhojn6FEl9vupwK2VCSDtEiEtqr8DFtzYFOdz63LBkxec7DYuc2jon6Q==",
      "dev": true,
      "requires": {
        "ms": "2.1.2"
      }
    },
    "eslint-plugin-vue": {
      "version": "8.3.0",
      "resolved": "https://registry.npmjs.org/eslint-plugin-vue/-/eslint-plugin-vue-8.3.0.tgz",
      "integrity": "sha512-IIuLHw4vQxGlHcoP2dG6t/2OVdQf2qoyAzEGAxreU1afZOHGA7y3TWq8I+r3ZA6Wjs6xpeUWGHlT31QGr9Rb5g==",
      "dev": true,
      "requires": {
        "eslint-utils": "^3.0.0",
        "natural-compare": "^1.4.0",
        "semver": "^7.3.5",
        "vue-eslint-parser": "^8.0.1"
      }
    },
    "eslint-scope": {
      "version": "6.0.0",
      "resolved": "https://registry.npmjs.org/eslint-scope/-/eslint-scope-6.0.0.tgz",
      "integrity": "sha512-uRDL9MWmQCkaFus8RF5K9/L/2fn+80yoW3jkD53l4shjCh26fCtvJGasxjUqP5OT87SYTxCVA3BwTUzuELx9kA==",
      "dev": true,
      "requires": {
        "esrecurse": "^4.3.0",
        "estraverse": "^5.2.0"
      }
    },
    "eslint-utils": {
      "version": "3.0.0",
      "resolved": "https://registry.npmjs.org/eslint-utils/-/eslint-utils-3.0.0.tgz",
      "integrity": "sha512-uuQC43IGctw68pJA1RgbQS8/NP7rch6Cwd4j3ZBtgo4/8Flj4eGE7ZYSZRN3iq5pVUv6GPdW5Z1RFleo84uLDA==",
      "dev": true,
      "requires": {
        "eslint-visitor-keys": "^2.0.0"
      }
    },
    "eslint-visitor-keys": {
      "version": "2.1.0",
      "resolved": "https://registry.npmjs.org/eslint-visitor-keys/-/eslint-visitor-keys-2.1.0.tgz",
      "integrity": "sha512-0rSmRBzXgDzIsD6mGdJgevzgezI534Cer5L/vyMX0kHzT/jiB43jRhd9YUlMGYLQy2zprNmoT8qasCGtY+QaKw==",
      "dev": true
    },
    "espree": {
      "version": "9.3.0",
      "resolved": "https://registry.npmjs.org/espree/-/espree-9.3.0.tgz",
      "integrity": "sha512-d/5nCsb0JcqsSEeQzFZ8DH1RmxPcglRWh24EFTlUEmCKoehXGdpsx0RkHDubqUI8LSAIKMQp4r9SzQ3n+sm4HQ==",
      "dev": true,
      "requires": {
        "acorn": "^8.7.0",
        "acorn-jsx": "^5.3.1",
        "eslint-visitor-keys": "^3.1.0"
      },
      "dependencies": {
        "eslint-visitor-keys": {
          "version": "3.1.0",
          "resolved": "https://registry.npmjs.org/eslint-visitor-keys/-/eslint-visitor-keys-3.1.0.tgz",
          "integrity": "sha512-yWJFpu4DtjsWKkt5GeNBBuZMlNcYVs6vRCLoCVEJrTjaSB6LC98gFipNK/erM2Heg/E8mIK+hXG/pJMLK+eRZA==",
          "dev": true
        }
      }
    },
    "esquery": {
      "version": "1.4.0",
      "resolved": "https://registry.npmjs.org/esquery/-/esquery-1.4.0.tgz",
      "integrity": "sha512-cCDispWt5vHHtwMY2YrAQ4ibFkAL8RbH5YGBnZBc90MolvvfkkQcJro/aZiAQUlQ3qgrYS6D6v8Gc5G5CQsc9w==",
      "dev": true,
      "requires": {
        "estraverse": "^5.1.0"
      }
    },
    "esrecurse": {
      "version": "4.3.0",
      "resolved": "https://registry.npmjs.org/esrecurse/-/esrecurse-4.3.0.tgz",
      "integrity": "sha512-KmfKL3b6G+RXvP8N1vr3Tq1kL/oCFgn2NYXEtqP8/L3pKapUA4G8cFVaoF3SU323CD4XypR/ffioHmkti6/Tag==",
      "dev": true,
      "requires": {
        "estraverse": "^5.2.0"
      }
    },
    "estraverse": {
      "version": "5.3.0",
      "resolved": "https://registry.npmjs.org/estraverse/-/estraverse-5.3.0.tgz",
      "integrity": "sha512-MMdARuVEQziNTeJD8DgMqmhwR11BRQ/cBP+pLtYdSTnf3MIO8fFeiINEbX36ZdNlfU/7A9f3gUw49B3oQsvwBA==",
      "dev": true
    },
    "lodash": {
      "version": "4.17.21",
      "resolved": "https://registry.npmjs.org/lodash/-/lodash-4.17.21.tgz",
      "integrity": "sha512-v2kDEe57lecTulaDIuNTPy3Ry4gLGJ6Z1O3vE1krgXZNrsQ+LFTGHVxVjcXPs17LhbZVGedAJv8XZ1tvj5FvSg==",
      "dev": true
    },
    "lru-cache": {
      "version": "6.0.0",
      "resolved": "https://registry.npmjs.org/lru-cache/-/lru-cache-6.0.0.tgz",
      "integrity": "sha512-Jo6dJ04CmSjuznwJSS3pUeWmd/H0ffTlkXXgwZi+eq1UCmqQwCh+eLsYOYCwY991i2Fah4h1BEMCx4qThGbsiA==",
      "dev": true,
      "requires": {
        "yallist": "^4.0.0"
      }
    },
    "ms": {
      "version": "2.1.2",
      "resolved": "https://registry.npmjs.org/ms/-/ms-2.1.2.tgz",
      "integrity": "sha512-sGkPx+VjMtmA6MX27oA4FBFELFCZZ4S4XqeGOXCv68tT+jb3vk/RyaKWP0PTKyWtmLSM0b+adUTEvbs1PEaH2w==",
      "dev": true
    },
    "natural-compare": {
      "version": "1.4.0",
      "resolved": "https://registry.npmjs.org/natural-compare/-/natural-compare-1.4.0.tgz",
      "integrity": "sha1-Sr6/7tdUHywnrPspvbvRXI1bpPc=",
      "dev": true
    },
    "semver": {
      "version": "7.3.5",
      "resolved": "https://registry.npmjs.org/semver/-/semver-7.3.5.tgz",
      "integrity": "sha512-PoeGJYh8HK4BTO/a9Tf6ZG3veo/A7ZVsYrSA6J8ny9nb3B1VrpkuN+z9OE5wfE5p6H4LchYZsegiQgbJD94ZFQ==",
      "dev": true,
      "requires": {
        "lru-cache": "^6.0.0"
      }
    },
    "vue-eslint-parser": {
      "version": "8.0.1",
      "resolved": "https://registry.npmjs.org/vue-eslint-parser/-/vue-eslint-parser-8.0.1.tgz",
      "integrity": "sha512-lhWjDXJhe3UZw2uu3ztX51SJAPGPey1Tff2RK3TyZURwbuI4vximQLzz4nQfCv8CZq4xx7uIiogHMMoSJPr33A==",
      "dev": true,
      "requires": {
        "debug": "^4.3.2",
        "eslint-scope": "^6.0.0",
        "eslint-visitor-keys": "^3.0.0",
        "espree": "^9.0.0",
        "esquery": "^1.4.0",
        "lodash": "^4.17.21",
        "semver": "^7.3.5"
      },
      "dependencies": {
        "eslint-visitor-keys": {
          "version": "3.1.0",
          "resolved": "https://registry.npmjs.org/eslint-visitor-keys/-/eslint-visitor-keys-3.1.0.tgz",
          "integrity": "sha512-yWJFpu4DtjsWKkt5GeNBBuZMlNcYVs6vRCLoCVEJrTjaSB6LC98gFipNK/erM2Heg/E8mIK+hXG/pJMLK+eRZA==",
          "dev": true
        }
      }
    },
    "yallist": {
      "version": "4.0.0",
      "resolved": "https://registry.npmjs.org/yallist/-/yallist-4.0.0.tgz",
      "integrity": "sha512-3wdGidZyq5PB084XLES5TpOSRA3wjXAlIWMhum2kRcv/41Sn2emQ0dycQW4uZXLejwKvg6EsvbdlVL+FYEct7A==",
      "dev": true
    }
  }
}
